
Microsoft Visual Studio Solution File, Format Version 12.00
# Visual Studio Version 17
VisualStudioVersion = 17.12.35527.113 d17.12
MinimumVisualStudioVersion = 10.0.40219.1
Project("{FAE04EC0-301F-11D3-BF4B-00C04F79EFBC}") = "ServerSignalR", "ServerSignalR.csproj", "{CD35D647-6923-42F6-8347-84F7FB17B1A9}"
EndProject
Global
	GlobalSection(SolutionConfigurationPlatforms) = preSolution
		Debug|Any CPU = Debug|Any CPU
		Release|Any CPU = Release|Any CPU
	EndGlobalSection
	GlobalSection(ProjectConfigurationPlatforms) = postSolution
		{CD35D647-6923-42F6-8347-84F7FB17B1A9}.Debug|Any CPU.ActiveCfg = Debug|Any CPU
		{CD35D647-6923-42F6-8347-84F7FB17B1A9}.Debug|Any CPU.Build.0 = Debug|Any CPU
		{CD35D647-6923-42F6-8347-84F7FB17B1A9}.Release|Any CPU.ActiveCfg = Release|Any CPU
		{CD35D647-6923-42F6-8347-84F7FB17B1A9}.Release|Any CPU.Build.0 = Release|Any CPU
	EndGlobalSection
	GlobalSection(SolutionProperties) = preSolution
		HideSolutionNode = FALSE
	EndGlobalSection
EndGlobal
